
Microsoft Visual Studio Solution File, Format Version 12.00
# Visual Studio Version 17
VisualStudioVersion = 17.7.34202.233
MinimumVisualStudioVersion = 10.0.40219.1
Project("{2150E333-8FDC-42A3-9474-1A3956D46DE8}") = "Services", "Services", "{EF897BF4-EA33-44A8-A088-EB2B5260CF1D}"
EndProject
Project("{2150E333-8FDC-42A3-9474-1A3956D46DE8}") = "Order", "Order", "{1BD50B5C-35ED-46A7-96DC-C2FC5227E01B}"
EndProject
Project("{2150E333-8FDC-42A3-9474-1A3956D46DE8}") = "src", "src", "{DB344E06-2A2F-4A3C-8E63-6FCAD191DAA1}"
EndProject
Project("{2150E333-8FDC-42A3-9474-1A3956D46DE8}") = "application", "application", "{D5A7E8D8-5DF4-423D-8447-95928BF6F1F9}"
EndProject
Project("{2150E333-8FDC-42A3-9474-1A3956D46DE8}") = "business", "business", "{B72D70C7-FA47-4559-8864-D8AB7D81EE8C}"
EndProject
Project("{2150E333-8FDC-42A3-9474-1A3956D46DE8}") = "application", "application", "{84FC6B69-F6BC-4785-A51C-5875C09118B3}"
EndProject
Project("{2150E333-8FDC-42A3-9474-1A3956D46DE8}") = "domain", "domain", "{16E2F97E-7E5B-43F7-862F-CE0BF0B59442}"
EndProject
Project("{2150E333-8FDC-42A3-9474-1A3956D46DE8}") = "infrastructure", "infrastructure", "{577E45F6-62F1-4093-911F-DE24085225D6}"
EndProject
Project("{9A19103F-16F7-4668-BE54-9A1E7A4F7556}") = "StockManagement.Order.Application", "Services\Order\src\business\application\StockManagement.Order.Application\StockManagement.Order.Application.csproj", "{16C6E689-B670-4738-A0E2-ABF5D2DF2974}"
EndProject
Project("{9A19103F-16F7-4668-BE54-9A1E7A4F7556}") = "StockManagement.Order.API", "Services\Order\src\application\StockManagement.Order.API\StockManagement.Order.API.csproj", "{1268887A-8D80-425A-8DDF-552A09FA474C}"
EndProject
Project("{9A19103F-16F7-4668-BE54-9A1E7A4F7556}") = "StockManagement.Order.Infrastructure", "Services\Order\src\business\infrastructure\StockManagement.Order.Infrastructure\StockManagement.Order.Infrastructure.csproj", "{B393467C-9DB3-4726-BB21-5B781F7EC89B}"
EndProject
Project("{9A19103F-16F7-4668-BE54-9A1E7A4F7556}") = "StockManagement.Order.Domain", "Services\Order\src\business\domain\StockManagement.Order.Domain\StockManagement.Order.Domain.csproj", "{DC0ECD92-FA82-4FC3-8685-8CE737DBBC80}"
EndProject
Project("{2150E333-8FDC-42A3-9474-1A3956D46DE8}") = "Authentication", "Authentication", "{65AAC4AF-C449-4ABB-8464-A4D718B72AE8}"
EndProject
Project("{2150E333-8FDC-42A3-9474-1A3956D46DE8}") = "src", "src", "{4792E338-A6D6-4D22-B25A-7DF422E729E4}"
EndProject
Project("{2150E333-8FDC-42A3-9474-1A3956D46DE8}") = "application", "application", "{B8A8C8C4-D7CB-4EA2-9694-D97DE7CEE983}"
EndProject
Project("{2150E333-8FDC-42A3-9474-1A3956D46DE8}") = "domain", "domain", "{55FD79F0-D244-44DF-9202-7E4D5B2F30EC}"
EndProject
Project("{2150E333-8FDC-42A3-9474-1A3956D46DE8}") = "infrastructure", "infrastructure", "{22F1A0FF-F40D-45AF-92FB-48E459A70061}"
EndProject
Project("{2150E333-8FDC-42A3-9474-1A3956D46DE8}") = "business", "business", "{EFCBBC8C-0CC3-44C1-97C6-0330BED96219}"
EndProject
Project("{9A19103F-16F7-4668-BE54-9A1E7A4F7556}") = "StockManagement.Authentication.API", "Services\Authentication\src\application\StockManagement.Authentication.API\StockManagement.Authentication.API.csproj", "{AD02F1B4-235F-43B6-9640-E78036F624BE}"
EndProject
Project("{2150E333-8FDC-42A3-9474-1A3956D46DE8}") = "application", "application", "{691102CD-2562-4E99-B816-36A66E91F2FA}"
EndProject
Project("{9A19103F-16F7-4668-BE54-9A1E7A4F7556}") = "StockManagement.Authentication.Application", "Services\Authentication\src\business\application\StockManagement.Authentication.Application\StockManagement.Authentication.Application.csproj", "{52B25FB8-ED39-4490-97D1-3788D5AD3932}"
EndProject
Project("{9A19103F-16F7-4668-BE54-9A1E7A4F7556}") = "StockManagement.Authentication.Domain", "Services\Authentication\src\business\domain\StockManagement.Authentication.Domain\StockManagement.Authentication.Domain.csproj", "{BD21573A-3467-47C9-B0AC-E1B0ED018576}"
EndProject
Project("{9A19103F-16F7-4668-BE54-9A1E7A4F7556}") = "StockManagement.Authentication.Infrastructure", "Services\Authentication\src\business\infrastructure\StockManagement.Authentication.Infrastructure\StockManagement.Authentication.Infrastructure.csproj", "{CD77923B-37F5-47BA-8D94-380FEEA35DE2}"
EndProject
Project("{2150E333-8FDC-42A3-9474-1A3956D46DE8}") = "Basket", "Basket", "{D0CA23B5-14EF-4BD7-AE0A-FAB1E8603593}"
EndProject
Project("{2150E333-8FDC-42A3-9474-1A3956D46DE8}") = "src", "src", "{B00A0500-3C84-4990-9AF1-7057ED5D4A22}"
EndProject
Project("{2150E333-8FDC-42A3-9474-1A3956D46DE8}") = "application", "application", "{E5422934-FC7C-42B3-8153-C33FB7DBCE8D}"
EndProject
Project("{2150E333-8FDC-42A3-9474-1A3956D46DE8}") = "business", "business", "{CC2B0C5A-94E0-4474-88A4-4EA3E13041EE}"
EndProject
Project("{9A19103F-16F7-4668-BE54-9A1E7A4F7556}") = "StockManagement.Basket.API", "Services\Basket\src\application\StockManagement.Basket.API\StockManagement.Basket.API.csproj", "{7D81EE98-5ADD-4010-9B63-FDFC1CD52A37}"
EndProject
Project("{2150E333-8FDC-42A3-9474-1A3956D46DE8}") = "application", "application", "{BF94D0D0-2DEE-4732-9FC7-3AC33B313917}"
EndProject
Project("{2150E333-8FDC-42A3-9474-1A3956D46DE8}") = "domain", "domain", "{A9F25B1B-7645-4CFD-A513-1C8997B205B7}"
EndProject
Project("{2150E333-8FDC-42A3-9474-1A3956D46DE8}") = "infrastructure", "infrastructure", "{FD0393F6-3D40-477F-83F2-A585418983C0}"
EndProject
Project("{9A19103F-16F7-4668-BE54-9A1E7A4F7556}") = "StockManagement.Basket.Application", "Services\Basket\src\business\application\StockManagement.Basket.Application\StockManagement.Basket.Application.csproj", "{03BF5950-FBD0-4B14-9A26-B012788DDF70}"
EndProject
Project("{9A19103F-16F7-4668-BE54-9A1E7A4F7556}") = "StockManagement.Basket.Domain", "Services\Basket\src\business\domain\StockManagement.Basket.Domain\StockManagement.Basket.Domain.csproj", "{F2C54FFC-19BC-453B-BDC0-0252772E5585}"
EndProject
Project("{9A19103F-16F7-4668-BE54-9A1E7A4F7556}") = "StockManagement.Basket.Infrastructure", "Services\Basket\src\business\infrastructure\StockManagement.Basket.Infrastructure\StockManagement.Basket.Infrastructure.csproj", "{416A34D4-571F-4E31-9220-BDE3F6EBAECE}"
EndProject
Project("{2150E333-8FDC-42A3-9474-1A3956D46DE8}") = "Catalog", "Catalog", "{303F67B9-FBFD-4766-8749-5176D02CC82C}"
EndProject
Project("{2150E333-8FDC-42A3-9474-1A3956D46DE8}") = "src", "src", "{41560B2C-461C-4BCF-83DF-0AA26AEE3EB8}"
EndProject
Project("{2150E333-8FDC-42A3-9474-1A3956D46DE8}") = "application", "application", "{CE32EFD3-F924-4F84-9D80-BA3C7B64B82B}"
EndProject
Project("{2150E333-8FDC-42A3-9474-1A3956D46DE8}") = "business", "business", "{CAF7D747-6959-495E-8342-362B11609846}"
EndProject
Project("{2150E333-8FDC-42A3-9474-1A3956D46DE8}") = "infrastructure", "infrastructure", "{D0C4A320-8BC1-43E8-9EDF-88426F675DB0}"
EndProject
Project("{2150E333-8FDC-42A3-9474-1A3956D46DE8}") = "domain", "domain", "{6BDC95EC-1BF9-4B76-BEDD-BF5B7552941C}"
EndProject
Project("{2150E333-8FDC-42A3-9474-1A3956D46DE8}") = "application", "application", "{9CDFF17B-3570-4B15-96E6-21A74A6AD816}"
EndProject
Project("{9A19103F-16F7-4668-BE54-9A1E7A4F7556}") = "StockManagement.Catalog.API", "Services\Catalog\src\application\StockManagement.Catalog.API\StockManagement.Catalog.API.csproj", "{3962E53B-3D8E-41CA-AA19-545BDC834981}"
EndProject
Project("{9A19103F-16F7-4668-BE54-9A1E7A4F7556}") = "StockManagement.Catalog.Application", "Services\Catalog\src\business\application\StockManagement.Catalog.Application\StockManagement.Catalog.Application.csproj", "{D7B417B1-3EEC-461B-8711-1EB296C0C601}"
EndProject
Project("{9A19103F-16F7-4668-BE54-9A1E7A4F7556}") = "StockManagement.Catalog.Domain", "Services\Catalog\src\business\domain\StockManagement.Catalog.Domain\StockManagement.Catalog.Domain.csproj", "{B7FF0DBD-8C8C-494C-B3CA-313AAD97C4B6}"
EndProject
Project("{9A19103F-16F7-4668-BE54-9A1E7A4F7556}") = "StockManagement.Catalog.Infrastructure", "Services\Catalog\src\business\infrastructure\StockManagement.Catalog.Infrastructure\StockManagement.Catalog.Infrastructure.csproj", "{91F3F158-16DE-4883-9A73-FA0225427E4C}"
EndProject
Project("{E53339B2-1760-4266-BCC7-CA923CBCF16C}") = "docker-compose", "docker-compose.dcproj", "{A5353217-D392-4F0A-BEDA-5C8D7E234A29}"
EndProject
Project("{2150E333-8FDC-42A3-9474-1A3956D46DE8}") = "Customer", "Customer", "{08E6D741-E01E-4BA8-ACB2-59E7C59D5148}"
EndProject
Project("{2150E333-8FDC-42A3-9474-1A3956D46DE8}") = "src", "src", "{A7680BA3-8AC8-4C03-83BD-013B1BBC3B2B}"
EndProject
Project("{2150E333-8FDC-42A3-9474-1A3956D46DE8}") = "application", "application", "{37EFF776-F611-48E6-A8DA-25FC1082FDAA}"
EndProject
Project("{FAE04EC0-301F-11D3-BF4B-00C04F79EFBC}") = "StockManagement.Customer.API", "Services\Customer\src\application\StockManagement.Customer.API\StockManagement.Customer.API.csproj", "{41F6105E-16C5-4621-B4A6-4BC252247C80}"
EndProject
Project("{2150E333-8FDC-42A3-9474-1A3956D46DE8}") = "business", "business", "{79777A05-12E8-46AB-A14E-203511B0C503}"
EndProject
Project("{2150E333-8FDC-42A3-9474-1A3956D46DE8}") = "domain", "domain", "{94821C25-705A-4C99-AAEA-7177ECE9C03F}"
EndProject
Project("{2150E333-8FDC-42A3-9474-1A3956D46DE8}") = "application", "application", "{288AD185-8E11-424B-8962-237BB3111DCC}"
EndProject
Project("{2150E333-8FDC-42A3-9474-1A3956D46DE8}") = "infrastructure", "infrastructure", "{745C45EF-4B84-4A8A-A510-DB29A608DA8A}"
EndProject
Project("{FAE04EC0-301F-11D3-BF4B-00C04F79EFBC}") = "StockManagement.Customer.Infrastructure", "Services\Customer\src\business\infrastructure\StockManagement.Customer.Infrastructure\StockManagement.Customer.Infrastructure.csproj", "{B6A3B5FC-152C-42A1-A7B6-A084355F680E}"
EndProject
Project("{FAE04EC0-301F-11D3-BF4B-00C04F79EFBC}") = "StockManagement.Customer.Domain", "Services\Customer\src\business\domain\StockManagement.Customer.Domain\StockManagement.Customer.Domain.csproj", "{0CB1973B-8789-4083-9274-5AD81A950DE0}"
EndProject
Project("{FAE04EC0-301F-11D3-BF4B-00C04F79EFBC}") = "StockManagement.Customer.Application", "Services\Customer\src\business\application\StockManagement.Customer.Application\StockManagement.Customer.Application.csproj", "{5BB901C2-C20E-4C70-BCAD-D27D3B252FB3}"
EndProject
Global
	GlobalSection(SolutionConfigurationPlatforms) = preSolution
		Debug|Any CPU = Debug|Any CPU
		Release|Any CPU = Release|Any CPU
	EndGlobalSection
	GlobalSection(ProjectConfigurationPlatforms) = postSolution
		{16C6E689-B670-4738-A0E2-ABF5D2DF2974}.Debug|Any CPU.ActiveCfg = Debug|Any CPU
		{16C6E689-B670-4738-A0E2-ABF5D2DF2974}.Debug|Any CPU.Build.0 = Debug|Any CPU
		{16C6E689-B670-4738-A0E2-ABF5D2DF2974}.Release|Any CPU.ActiveCfg = Release|Any CPU
		{16C6E689-B670-4738-A0E2-ABF5D2DF2974}.Release|Any CPU.Build.0 = Release|Any CPU
		{1268887A-8D80-425A-8DDF-552A09FA474C}.Debug|Any CPU.ActiveCfg = Debug|Any CPU
		{1268887A-8D80-425A-8DDF-552A09FA474C}.Debug|Any CPU.Build.0 = Debug|Any CPU
		{1268887A-8D80-425A-8DDF-552A09FA474C}.Release|Any CPU.ActiveCfg = Release|Any CPU
		{1268887A-8D80-425A-8DDF-552A09FA474C}.Release|Any CPU.Build.0 = Release|Any CPU
		{B393467C-9DB3-4726-BB21-5B781F7EC89B}.Debug|Any CPU.ActiveCfg = Debug|Any CPU
		{B393467C-9DB3-4726-BB21-5B781F7EC89B}.Debug|Any CPU.Build.0 = Debug|Any CPU
		{B393467C-9DB3-4726-BB21-5B781F7EC89B}.Release|Any CPU.ActiveCfg = Release|Any CPU
		{B393467C-9DB3-4726-BB21-5B781F7EC89B}.Release|Any CPU.Build.0 = Release|Any CPU
		{DC0ECD92-FA82-4FC3-8685-8CE737DBBC80}.Debug|Any CPU.ActiveCfg = Debug|Any CPU
		{DC0ECD92-FA82-4FC3-8685-8CE737DBBC80}.Debug|Any CPU.Build.0 = Debug|Any CPU
		{DC0ECD92-FA82-4FC3-8685-8CE737DBBC80}.Release|Any CPU.ActiveCfg = Release|Any CPU
		{DC0ECD92-FA82-4FC3-8685-8CE737DBBC80}.Release|Any CPU.Build.0 = Release|Any CPU
		{AD02F1B4-235F-43B6-9640-E78036F624BE}.Debug|Any CPU.ActiveCfg = Debug|Any CPU
		{AD02F1B4-235F-43B6-9640-E78036F624BE}.Debug|Any CPU.Build.0 = Debug|Any CPU
		{AD02F1B4-235F-43B6-9640-E78036F624BE}.Release|Any CPU.ActiveCfg = Release|Any CPU
		{AD02F1B4-235F-43B6-9640-E78036F624BE}.Release|Any CPU.Build.0 = Release|Any CPU
		{52B25FB8-ED39-4490-97D1-3788D5AD3932}.Debug|Any CPU.ActiveCfg = Debug|Any CPU
		{52B25FB8-ED39-4490-97D1-3788D5AD3932}.Debug|Any CPU.Build.0 = Debug|Any CPU
		{52B25FB8-ED39-4490-97D1-3788D5AD3932}.Release|Any CPU.ActiveCfg = Release|Any CPU
		{52B25FB8-ED39-4490-97D1-3788D5AD3932}.Release|Any CPU.Build.0 = Release|Any CPU
		{BD21573A-3467-47C9-B0AC-E1B0ED018576}.Debug|Any CPU.ActiveCfg = Debug|Any CPU
		{BD21573A-3467-47C9-B0AC-E1B0ED018576}.Debug|Any CPU.Build.0 = Debug|Any CPU
		{BD21573A-3467-47C9-B0AC-E1B0ED018576}.Release|Any CPU.ActiveCfg = Release|Any CPU
		{BD21573A-3467-47C9-B0AC-E1B0ED018576}.Release|Any CPU.Build.0 = Release|Any CPU
		{CD77923B-37F5-47BA-8D94-380FEEA35DE2}.Debug|Any CPU.ActiveCfg = Debug|Any CPU
		{CD77923B-37F5-47BA-8D94-380FEEA35DE2}.Debug|Any CPU.Build.0 = Debug|Any CPU
		{CD77923B-37F5-47BA-8D94-380FEEA35DE2}.Release|Any CPU.ActiveCfg = Release|Any CPU
		{CD77923B-37F5-47BA-8D94-380FEEA35DE2}.Release|Any CPU.Build.0 = Release|Any CPU
		{7D81EE98-5ADD-4010-9B63-FDFC1CD52A37}.Debug|Any CPU.ActiveCfg = Debug|Any CPU
		{7D81EE98-5ADD-4010-9B63-FDFC1CD52A37}.Debug|Any CPU.Build.0 = Debug|Any CPU
		{7D81EE98-5ADD-4010-9B63-FDFC1CD52A37}.Release|Any CPU.ActiveCfg = Release|Any CPU
		{7D81EE98-5ADD-4010-9B63-FDFC1CD52A37}.Release|Any CPU.Build.0 = Release|Any CPU
		{03BF5950-FBD0-4B14-9A26-B012788DDF70}.Debug|Any CPU.ActiveCfg = Debug|Any CPU
		{03BF5950-FBD0-4B14-9A26-B012788DDF70}.Debug|Any CPU.Build.0 = Debug|Any CPU
		{03BF5950-FBD0-4B14-9A26-B012788DDF70}.Release|Any CPU.ActiveCfg = Release|Any CPU
		{03BF5950-FBD0-4B14-9A26-B012788DDF70}.Release|Any CPU.Build.0 = Release|Any CPU
		{F2C54FFC-19BC-453B-BDC0-0252772E5585}.Debug|Any CPU.ActiveCfg = Debug|Any CPU
		{F2C54FFC-19BC-453B-BDC0-0252772E5585}.Debug|Any CPU.Build.0 = Debug|Any CPU
		{F2C54FFC-19BC-453B-BDC0-0252772E5585}.Release|Any CPU.ActiveCfg = Release|Any CPU
		{F2C54FFC-19BC-453B-BDC0-0252772E5585}.Release|Any CPU.Build.0 = Release|Any CPU
		{416A34D4-571F-4E31-9220-BDE3F6EBAECE}.Debug|Any CPU.ActiveCfg = Debug|Any CPU
		{416A34D4-571F-4E31-9220-BDE3F6EBAECE}.Debug|Any CPU.Build.0 = Debug|Any CPU
		{416A34D4-571F-4E31-9220-BDE3F6EBAECE}.Release|Any CPU.ActiveCfg = Release|Any CPU
		{416A34D4-571F-4E31-9220-BDE3F6EBAECE}.Release|Any CPU.Build.0 = Release|Any CPU
		{3962E53B-3D8E-41CA-AA19-545BDC834981}.Debug|Any CPU.ActiveCfg = Debug|Any CPU
		{3962E53B-3D8E-41CA-AA19-545BDC834981}.Debug|Any CPU.Build.0 = Debug|Any CPU
		{3962E53B-3D8E-41CA-AA19-545BDC834981}.Release|Any CPU.ActiveCfg = Release|Any CPU
		{3962E53B-3D8E-41CA-AA19-545BDC834981}.Release|Any CPU.Build.0 = Release|Any CPU
		{D7B417B1-3EEC-461B-8711-1EB296C0C601}.Debug|Any CPU.ActiveCfg = Debug|Any CPU
		{D7B417B1-3EEC-461B-8711-1EB296C0C601}.Debug|Any CPU.Build.0 = Debug|Any CPU
		{D7B417B1-3EEC-461B-8711-1EB296C0C601}.Release|Any CPU.ActiveCfg = Release|Any CPU
		{D7B417B1-3EEC-461B-8711-1EB296C0C601}.Release|Any CPU.Build.0 = Release|Any CPU
		{B7FF0DBD-8C8C-494C-B3CA-313AAD97C4B6}.Debug|Any CPU.ActiveCfg = Debug|Any CPU
		{B7FF0DBD-8C8C-494C-B3CA-313AAD97C4B6}.Debug|Any CPU.Build.0 = Debug|Any CPU
		{B7FF0DBD-8C8C-494C-B3CA-313AAD97C4B6}.Release|Any CPU.ActiveCfg = Release|Any CPU
		{B7FF0DBD-8C8C-494C-B3CA-313AAD97C4B6}.Release|Any CPU.Build.0 = Release|Any CPU
		{91F3F158-16DE-4883-9A73-FA0225427E4C}.Debug|Any CPU.ActiveCfg = Debug|Any CPU
		{91F3F158-16DE-4883-9A73-FA0225427E4C}.Debug|Any CPU.Build.0 = Debug|Any CPU
		{91F3F158-16DE-4883-9A73-FA0225427E4C}.Release|Any CPU.ActiveCfg = Release|Any CPU
		{91F3F158-16DE-4883-9A73-FA0225427E4C}.Release|Any CPU.Build.0 = Release|Any CPU
		{A5353217-D392-4F0A-BEDA-5C8D7E234A29}.Debug|Any CPU.ActiveCfg = Debug|Any CPU
		{A5353217-D392-4F0A-BEDA-5C8D7E234A29}.Debug|Any CPU.Build.0 = Debug|Any CPU
		{A5353217-D392-4F0A-BEDA-5C8D7E234A29}.Release|Any CPU.ActiveCfg = Release|Any CPU
		{A5353217-D392-4F0A-BEDA-5C8D7E234A29}.Release|Any CPU.Build.0 = Release|Any CPU
		{41F6105E-16C5-4621-B4A6-4BC252247C80}.Debug|Any CPU.ActiveCfg = Debug|Any CPU
		{41F6105E-16C5-4621-B4A6-4BC252247C80}.Debug|Any CPU.Build.0 = Debug|Any CPU
		{41F6105E-16C5-4621-B4A6-4BC252247C80}.Release|Any CPU.ActiveCfg = Release|Any CPU
		{41F6105E-16C5-4621-B4A6-4BC252247C80}.Release|Any CPU.Build.0 = Release|Any CPU
		{B6A3B5FC-152C-42A1-A7B6-A084355F680E}.Debug|Any CPU.ActiveCfg = Debug|Any CPU
		{B6A3B5FC-152C-42A1-A7B6-A084355F680E}.Debug|Any CPU.Build.0 = Debug|Any CPU
		{B6A3B5FC-152C-42A1-A7B6-A084355F680E}.Release|Any CPU.ActiveCfg = Release|Any CPU
		{B6A3B5FC-152C-42A1-A7B6-A084355F680E}.Release|Any CPU.Build.0 = Release|Any CPU
		{0CB1973B-8789-4083-9274-5AD81A950DE0}.Debug|Any CPU.ActiveCfg = Debug|Any CPU
		{0CB1973B-8789-4083-9274-5AD81A950DE0}.Debug|Any CPU.Build.0 = Debug|Any CPU
		{0CB1973B-8789-4083-9274-5AD81A950DE0}.Release|Any CPU.ActiveCfg = Release|Any CPU
		{0CB1973B-8789-4083-9274-5AD81A950DE0}.Release|Any CPU.Build.0 = Release|Any CPU
		{5BB901C2-C20E-4C70-BCAD-D27D3B252FB3}.Debug|Any CPU.ActiveCfg = Debug|Any CPU
		{5BB901C2-C20E-4C70-BCAD-D27D3B252FB3}.Debug|Any CPU.Build.0 = Debug|Any CPU
		{5BB901C2-C20E-4C70-BCAD-D27D3B252FB3}.Release|Any CPU.ActiveCfg = Release|Any CPU
		{5BB901C2-C20E-4C70-BCAD-D27D3B252FB3}.Release|Any CPU.Build.0 = Release|Any CPU
	EndGlobalSection
	GlobalSection(SolutionProperties) = preSolution
		HideSolutionNode = FALSE
	EndGlobalSection
	GlobalSection(NestedProjects) = preSolution
		{1BD50B5C-35ED-46A7-96DC-C2FC5227E01B} = {EF897BF4-EA33-44A8-A088-EB2B5260CF1D}
		{DB344E06-2A2F-4A3C-8E63-6FCAD191DAA1} = {1BD50B5C-35ED-46A7-96DC-C2FC5227E01B}
		{D5A7E8D8-5DF4-423D-8447-95928BF6F1F9} = {DB344E06-2A2F-4A3C-8E63-6FCAD191DAA1}
		{B72D70C7-FA47-4559-8864-D8AB7D81EE8C} = {DB344E06-2A2F-4A3C-8E63-6FCAD191DAA1}
		{84FC6B69-F6BC-4785-A51C-5875C09118B3} = {B72D70C7-FA47-4559-8864-D8AB7D81EE8C}
		{16E2F97E-7E5B-43F7-862F-CE0BF0B59442} = {B72D70C7-FA47-4559-8864-D8AB7D81EE8C}
		{577E45F6-62F1-4093-911F-DE24085225D6} = {B72D70C7-FA47-4559-8864-D8AB7D81EE8C}
		{16C6E689-B670-4738-A0E2-ABF5D2DF2974} = {84FC6B69-F6BC-4785-A51C-5875C09118B3}
		{1268887A-8D80-425A-8DDF-552A09FA474C} = {D5A7E8D8-5DF4-423D-8447-95928BF6F1F9}
		{B393467C-9DB3-4726-BB21-5B781F7EC89B} = {577E45F6-62F1-4093-911F-DE24085225D6}
		{DC0ECD92-FA82-4FC3-8685-8CE737DBBC80} = {16E2F97E-7E5B-43F7-862F-CE0BF0B59442}
		{65AAC4AF-C449-4ABB-8464-A4D718B72AE8} = {EF897BF4-EA33-44A8-A088-EB2B5260CF1D}
		{4792E338-A6D6-4D22-B25A-7DF422E729E4} = {65AAC4AF-C449-4ABB-8464-A4D718B72AE8}
		{B8A8C8C4-D7CB-4EA2-9694-D97DE7CEE983} = {4792E338-A6D6-4D22-B25A-7DF422E729E4}
		{55FD79F0-D244-44DF-9202-7E4D5B2F30EC} = {EFCBBC8C-0CC3-44C1-97C6-0330BED96219}
		{22F1A0FF-F40D-45AF-92FB-48E459A70061} = {EFCBBC8C-0CC3-44C1-97C6-0330BED96219}
		{EFCBBC8C-0CC3-44C1-97C6-0330BED96219} = {4792E338-A6D6-4D22-B25A-7DF422E729E4}
		{AD02F1B4-235F-43B6-9640-E78036F624BE} = {B8A8C8C4-D7CB-4EA2-9694-D97DE7CEE983}
		{691102CD-2562-4E99-B816-36A66E91F2FA} = {EFCBBC8C-0CC3-44C1-97C6-0330BED96219}
		{52B25FB8-ED39-4490-97D1-3788D5AD3932} = {691102CD-2562-4E99-B816-36A66E91F2FA}
		{BD21573A-3467-47C9-B0AC-E1B0ED018576} = {55FD79F0-D244-44DF-9202-7E4D5B2F30EC}
		{CD77923B-37F5-47BA-8D94-380FEEA35DE2} = {22F1A0FF-F40D-45AF-92FB-48E459A70061}
		{D0CA23B5-14EF-4BD7-AE0A-FAB1E8603593} = {EF897BF4-EA33-44A8-A088-EB2B5260CF1D}
		{B00A0500-3C84-4990-9AF1-7057ED5D4A22} = {D0CA23B5-14EF-4BD7-AE0A-FAB1E8603593}
		{E5422934-FC7C-42B3-8153-C33FB7DBCE8D} = {B00A0500-3C84-4990-9AF1-7057ED5D4A22}
		{CC2B0C5A-94E0-4474-88A4-4EA3E13041EE} = {B00A0500-3C84-4990-9AF1-7057ED5D4A22}
		{7D81EE98-5ADD-4010-9B63-FDFC1CD52A37} = {E5422934-FC7C-42B3-8153-C33FB7DBCE8D}
		{BF94D0D0-2DEE-4732-9FC7-3AC33B313917} = {CC2B0C5A-94E0-4474-88A4-4EA3E13041EE}
		{A9F25B1B-7645-4CFD-A513-1C8997B205B7} = {CC2B0C5A-94E0-4474-88A4-4EA3E13041EE}
		{FD0393F6-3D40-477F-83F2-A585418983C0} = {CC2B0C5A-94E0-4474-88A4-4EA3E13041EE}
		{03BF5950-FBD0-4B14-9A26-B012788DDF70} = {BF94D0D0-2DEE-4732-9FC7-3AC33B313917}
		{F2C54FFC-19BC-453B-BDC0-0252772E5585} = {A9F25B1B-7645-4CFD-A513-1C8997B205B7}
		{416A34D4-571F-4E31-9220-BDE3F6EBAECE} = {FD0393F6-3D40-477F-83F2-A585418983C0}
		{303F67B9-FBFD-4766-8749-5176D02CC82C} = {EF897BF4-EA33-44A8-A088-EB2B5260CF1D}
		{41560B2C-461C-4BCF-83DF-0AA26AEE3EB8} = {303F67B9-FBFD-4766-8749-5176D02CC82C}
		{CE32EFD3-F924-4F84-9D80-BA3C7B64B82B} = {41560B2C-461C-4BCF-83DF-0AA26AEE3EB8}
		{CAF7D747-6959-495E-8342-362B11609846} = {41560B2C-461C-4BCF-83DF-0AA26AEE3EB8}
		{D0C4A320-8BC1-43E8-9EDF-88426F675DB0} = {CAF7D747-6959-495E-8342-362B11609846}
		{6BDC95EC-1BF9-4B76-BEDD-BF5B7552941C} = {CAF7D747-6959-495E-8342-362B11609846}
		{9CDFF17B-3570-4B15-96E6-21A74A6AD816} = {CAF7D747-6959-495E-8342-362B11609846}
		{3962E53B-3D8E-41CA-AA19-545BDC834981} = {CE32EFD3-F924-4F84-9D80-BA3C7B64B82B}
		{D7B417B1-3EEC-461B-8711-1EB296C0C601} = {9CDFF17B-3570-4B15-96E6-21A74A6AD816}
		{B7FF0DBD-8C8C-494C-B3CA-313AAD97C4B6} = {6BDC95EC-1BF9-4B76-BEDD-BF5B7552941C}
		{91F3F158-16DE-4883-9A73-FA0225427E4C} = {D0C4A320-8BC1-43E8-9EDF-88426F675DB0}
		{08E6D741-E01E-4BA8-ACB2-59E7C59D5148} = {EF897BF4-EA33-44A8-A088-EB2B5260CF1D}
		{A7680BA3-8AC8-4C03-83BD-013B1BBC3B2B} = {08E6D741-E01E-4BA8-ACB2-59E7C59D5148}
		{37EFF776-F611-48E6-A8DA-25FC1082FDAA} = {A7680BA3-8AC8-4C03-83BD-013B1BBC3B2B}
		{41F6105E-16C5-4621-B4A6-4BC252247C80} = {37EFF776-F611-48E6-A8DA-25FC1082FDAA}
		{79777A05-12E8-46AB-A14E-203511B0C503} = {A7680BA3-8AC8-4C03-83BD-013B1BBC3B2B}
		{94821C25-705A-4C99-AAEA-7177ECE9C03F} = {79777A05-12E8-46AB-A14E-203511B0C503}
		{288AD185-8E11-424B-8962-237BB3111DCC} = {79777A05-12E8-46AB-A14E-203511B0C503}
		{745C45EF-4B84-4A8A-A510-DB29A608DA8A} = {79777A05-12E8-46AB-A14E-203511B0C503}
		{B6A3B5FC-152C-42A1-A7B6-A084355F680E} = {745C45EF-4B84-4A8A-A510-DB29A608DA8A}
		{0CB1973B-8789-4083-9274-5AD81A950DE0} = {94821C25-705A-4C99-AAEA-7177ECE9C03F}
		{5BB901C2-C20E-4C70-BCAD-D27D3B252FB3} = {288AD185-8E11-424B-8962-237BB3111DCC}
	EndGlobalSection
	GlobalSection(ExtensibilityGlobals) = postSolution
		SolutionGuid = {6802F4F9-C0F3-4314-B99B-0E4272854BF7}
	EndGlobalSection
EndGlobal
